
Microsoft Visual Studio Solution File, Format Version 12.00
# Visual Studio Version 17
VisualStudioVersion = 17.3.32825.248
MinimumVisualStudioVersion = 10.0.40219.1
Project("{FAE04EC0-301F-11D3-BF4B-00C04F79EFBC}") = "WebApi", "WebApi\WebApi.csproj", "{8F74D264-9C61-44DB-8BC1-AC41F9BE69EE}"
EndProject
Global
	GlobalSection(SolutionConfigurationPlatforms) = preSolution
		Debug|Any CPU = Debug|Any CPU
		Release|Any CPU = Release|Any CPU
	EndGlobalSection
	GlobalSection(ProjectConfigurationPlatforms) = postSolution
		{8F74D264-9C61-44DB-8BC1-AC41F9BE69EE}.Debug|Any CPU.ActiveCfg = Debug|Any CPU
		{8F74D264-9C61-44DB-8BC1-AC41F9BE69EE}.Debug|Any CPU.Build.0 = Debug|Any CPU
		{8F74D264-9C61-44DB-8BC1-AC41F9BE69EE}.Release|Any CPU.ActiveCfg = Release|Any CPU
		{8F74D264-9C61-44DB-8BC1-AC41F9BE69EE}.Release|Any CPU.Build.0 = Release|Any CPU
	EndGlobalSection
	GlobalSection(SolutionProperties) = preSolution
		HideSolutionNode = FALSE
	EndGlobalSection
	GlobalSection(ExtensibilityGlobals) = postSolution
		SolutionGuid = {0171A3F0-6CF0-4341-B4BC-187F235729A1}
	EndGlobalSection
EndGlobal
